// !$*UTF8*$!
{
	archiveVersion = 1;
	classes = {
	};
	objectVersion = 46;
	objects = {

/* Begin PBXBuildFile section */
		92BAC9AD8126B7191387EFD4 /* Pods_HackIllinois.framework in Frameworks */ = {isa = PBXBuildFile; fileRef = F04F5235BAD89F8C72CDF3DF /* Pods_HackIllinois.framework */; };
		951827A81EA35DB800049F79 /* AppDelegate.swift in Sources */ = {isa = PBXBuildFile; fileRef = 951827981EA35DB800049F79 /* AppDelegate.swift */; };
		951827A91EA35DB800049F79 /* Assets.xcassets in Resources */ = {isa = PBXBuildFile; fileRef = 951827991EA35DB800049F79 /* Assets.xcassets */; };
		951827AC1EA35DB800049F79 /* ViewController.swift in Sources */ = {isa = PBXBuildFile; fileRef = 9518279F1EA35DB800049F79 /* ViewController.swift */; };
		951827AD1EA35DB800049F79 /* HackIllinois.xcdatamodeld in Sources */ = {isa = PBXBuildFile; fileRef = 951827A11EA35DB800049F79 /* HackIllinois.xcdatamodeld */; };
		951827B41EA35E8B00049F79 /* LaunchScreen.storyboard in Resources */ = {isa = PBXBuildFile; fileRef = 951827B21EA35E8B00049F79 /* LaunchScreen.storyboard */; };
		951827B51EA35E8B00049F79 /* Main.storyboard in Resources */ = {isa = PBXBuildFile; fileRef = 951827B31EA35E8B00049F79 /* Main.storyboard */; };
/* End PBXBuildFile section */

/* Begin PBXFileReference section */
		5FC8086340F925BE21CB525A /* Pods-HackIllinois.debug.xcconfig */ = {isa = PBXFileReference; includeInIndex = 1; lastKnownFileType = text.xcconfig; name = "Pods-HackIllinois.debug.xcconfig"; path = "Pods/Target Support Files/Pods-HackIllinois/Pods-HackIllinois.debug.xcconfig"; sourceTree = "<group>"; };
		9518277F1EA35AF100049F79 /* HackIllinois.app */ = {isa = PBXFileReference; explicitFileType = wrapper.application; includeInIndex = 0; path = HackIllinois.app; sourceTree = BUILT_PRODUCTS_DIR; };
		951827981EA35DB800049F79 /* AppDelegate.swift */ = {isa = PBXFileReference; fileEncoding = 4; lastKnownFileType = sourcecode.swift; path = AppDelegate.swift; sourceTree = "<group>"; };
		951827991EA35DB800049F79 /* Assets.xcassets */ = {isa = PBXFileReference; lastKnownFileType = folder.assetcatalog; path = Assets.xcassets; sourceTree = "<group>"; };
		9518279F1EA35DB800049F79 /* ViewController.swift */ = {isa = PBXFileReference; fileEncoding = 4; lastKnownFileType = sourcecode.swift; path = ViewController.swift; sourceTree = "<group>"; };
		951827A21EA35DB800049F79 /* HackIllinois.xcdatamodel */ = {isa = PBXFileReference; lastKnownFileType = wrapper.xcdatamodel; path = HackIllinois.xcdatamodel; sourceTree = "<group>"; };
		951827A31EA35DB800049F79 /* Info.plist */ = {isa = PBXFileReference; fileEncoding = 4; lastKnownFileType = text.plist.xml; path = Info.plist; sourceTree = "<group>"; };
		951827B21EA35E8B00049F79 /* LaunchScreen.storyboard */ = {isa = PBXFileReference; fileEncoding = 4; lastKnownFileType = file.storyboard; path = LaunchScreen.storyboard; sourceTree = "<group>"; };
		951827B31EA35E8B00049F79 /* Main.storyboard */ = {isa = PBXFileReference; fileEncoding = 4; lastKnownFileType = file.storyboard; path = Main.storyboard; sourceTree = "<group>"; };
		DDD9B0A40012E69EC437D438 /* Pods-HackIllinois.release.xcconfig */ = {isa = PBXFileReference; includeInIndex = 1; lastKnownFileType = text.xcconfig; name = "Pods-HackIllinois.release.xcconfig"; path = "Pods/Target Support Files/Pods-HackIllinois/Pods-HackIllinois.release.xcconfig"; sourceTree = "<group>"; };
		F04F5235BAD89F8C72CDF3DF /* Pods_HackIllinois.framework */ = {isa = PBXFileReference; explicitFileType = wrapper.framework; includeInIndex = 0; path = Pods_HackIllinois.framework; sourceTree = BUILT_PRODUCTS_DIR; };
/* End PBXFileReference section */

/* Begin PBXFrameworksBuildPhase section */
		9518277C1EA35AF100049F79 /* Frameworks */ = {
			isa = PBXFrameworksBuildPhase;
			buildActionMask = 2147483647;
			files = (
				92BAC9AD8126B7191387EFD4 /* Pods_HackIllinois.framework in Frameworks */,
			);
			runOnlyForDeploymentPostprocessing = 0;
		};
/* End PBXFrameworksBuildPhase section */

/* Begin PBXGroup section */
		4EC9816AFF1CFF4B06AE34D8 /* Pods */ = {
			isa = PBXGroup;
			children = (
				5FC8086340F925BE21CB525A /* Pods-HackIllinois.debug.xcconfig */,
				DDD9B0A40012E69EC437D438 /* Pods-HackIllinois.release.xcconfig */,
			);
			name = Pods;
			sourceTree = "<group>";
		};
		951827761EA35AF100049F79 = {
			isa = PBXGroup;
			children = (
				951827971EA35DB800049F79 /* HackIllinois */,
				951827801EA35AF100049F79 /* Products */,
				4EC9816AFF1CFF4B06AE34D8 /* Pods */,
				F72B3B69EAC62CED55961F6D /* Frameworks */,
			);
			sourceTree = "<group>";
		};
		951827801EA35AF100049F79 /* Products */ = {
			isa = PBXGroup;
			children = (
				9518277F1EA35AF100049F79 /* HackIllinois.app */,
			);
			name = Products;
			sourceTree = "<group>";
		};
		951827971EA35DB800049F79 /* HackIllinois */ = {
			isa = PBXGroup;
			children = (
				951827981EA35DB800049F79 /* AppDelegate.swift */,
				951827991EA35DB800049F79 /* Assets.xcassets */,
				951827A11EA35DB800049F79 /* HackIllinois.xcdatamodeld */,
				951827A31EA35DB800049F79 /* Info.plist */,
				951827AF1EA35E8B00049F79 /* Playgrounds */,
				951827B11EA35E8B00049F79 /* StoryBoards */,
				9518279E1EA35DB800049F79 /* Controllers */,
				951827A01EA35DB800049F79 /* Extensions */,
				951827A41EA35DB800049F79 /* Models */,
				951827A51EA35DB800049F79 /* UI */,
			);
			path = HackIllinois;
			sourceTree = "<group>";
		};
		9518279E1EA35DB800049F79 /* Controllers */ = {
			isa = PBXGroup;
			children = (
				9518279F1EA35DB800049F79 /* ViewController.swift */,
			);
			path = Controllers;
			sourceTree = "<group>";
		};
		951827A01EA35DB800049F79 /* Extensions */ = {
			isa = PBXGroup;
			children = (
			);
			path = Extensions;
			sourceTree = "<group>";
		};
		951827A41EA35DB800049F79 /* Models */ = {
			isa = PBXGroup;
			children = (
			);
			path = Models;
			sourceTree = "<group>";
		};
		951827A51EA35DB800049F79 /* UI */ = {
			isa = PBXGroup;
			children = (
				951827A61EA35DB800049F79 /* Fonts */,
				951827A71EA35DB800049F79 /* Views */,
			);
			path = UI;
			sourceTree = "<group>";
		};
		951827A61EA35DB800049F79 /* Fonts */ = {
			isa = PBXGroup;
			children = (
			);
			path = Fonts;
			sourceTree = "<group>";
		};
		951827A71EA35DB800049F79 /* Views */ = {
			isa = PBXGroup;
			children = (
			);
			path = Views;
			sourceTree = "<group>";
		};
		951827AF1EA35E8B00049F79 /* Playgrounds */ = {
			isa = PBXGroup;
			children = (
			);
			path = Playgrounds;
			sourceTree = "<group>";
		};
		951827B11EA35E8B00049F79 /* StoryBoards */ = {
			isa = PBXGroup;
			children = (
				951827B21EA35E8B00049F79 /* LaunchScreen.storyboard */,
				951827B31EA35E8B00049F79 /* Main.storyboard */,
			);
			path = StoryBoards;
			sourceTree = "<group>";
		};
		F72B3B69EAC62CED55961F6D /* Frameworks */ = {
			isa = PBXGroup;
			children = (
				F04F5235BAD89F8C72CDF3DF /* Pods_HackIllinois.framework */,
			);
			name = Frameworks;
			sourceTree = "<group>";
		};
/* End PBXGroup section */

/* Begin PBXNativeTarget section */
		9518277E1EA35AF100049F79 /* HackIllinois */ = {
			isa = PBXNativeTarget;
			buildConfigurationList = 951827941EA35AF100049F79 /* Build configuration list for PBXNativeTarget "HackIllinois" */;
			buildPhases = (
				421C05EEAAB94B7E44A1A1E9 /* [CP] Check Pods Manifest.lock */,
				9518277B1EA35AF100049F79 /* Sources */,
				9518277C1EA35AF100049F79 /* Frameworks */,
				9518277D1EA35AF100049F79 /* Resources */,
				07D4F2983AA031F47ED23298 /* [CP] Embed Pods Frameworks */,
				2159B0121A049F26E708E0DC /* [CP] Copy Pods Resources */,
			);
			buildRules = (
			);
			dependencies = (
			);
			name = HackIllinois;
			productName = HackIllinois;
			productReference = 9518277F1EA35AF100049F79 /* HackIllinois.app */;
			productType = "com.apple.product-type.application";
		};
/* End PBXNativeTarget section */

/* Begin PBXProject section */
		951827771EA35AF100049F79 /* Project object */ = {
			isa = PBXProject;
			attributes = {
				LastSwiftUpdateCheck = 0830;
				LastUpgradeCheck = 0910;
				ORGANIZATIONNAME = HackIllinois;
				TargetAttributes = {
					9518277E1EA35AF100049F79 = {
						CreatedOnToolsVersion = 8.3;
						DevelopmentTeam = 8VNQTQM2L6;
						LastSwiftMigration = 0910;
						ProvisioningStyle = Automatic;
					};
				};
			};
			buildConfigurationList = 9518277A1EA35AF100049F79 /* Build configuration list for PBXProject "HackIllinois" */;
			compatibilityVersion = "Xcode 3.2";
			developmentRegion = English;
			hasScannedForEncodings = 0;
			knownRegions = (
				en,
				Base,
			);
			mainGroup = 951827761EA35AF100049F79;
			productRefGroup = 951827801EA35AF100049F79 /* Products */;
			projectDirPath = "";
			projectRoot = "";
			targets = (
				9518277E1EA35AF100049F79 /* HackIllinois */,
			);
		};
/* End PBXProject section */

/* Begin PBXResourcesBuildPhase section */
		9518277D1EA35AF100049F79 /* Resources */ = {
			isa = PBXResourcesBuildPhase;
			buildActionMask = 2147483647;
			files = (
				951827B51EA35E8B00049F79 /* Main.storyboard in Resources */,
				951827A91EA35DB800049F79 /* Assets.xcassets in Resources */,
				951827B41EA35E8B00049F79 /* LaunchScreen.storyboard in Resources */,
			);
			runOnlyForDeploymentPostprocessing = 0;
		};
/* End PBXResourcesBuildPhase section */

/* Begin PBXShellScriptBuildPhase section */
		07D4F2983AA031F47ED23298 /* [CP] Embed Pods Frameworks */ = {
			isa = PBXShellScriptBuildPhase;
			buildActionMask = 2147483647;
			files = (
			);
			inputPaths = (
			);
			name = "[CP] Embed Pods Frameworks";
			outputPaths = (
			);
			runOnlyForDeploymentPostprocessing = 0;
			shellPath = /bin/sh;
			shellScript = "\"${SRCROOT}/Pods/Target Support Files/Pods-HackIllinois/Pods-HackIllinois-frameworks.sh\"\n";
			showEnvVarsInLog = 0;
		};
		2159B0121A049F26E708E0DC /* [CP] Copy Pods Resources */ = {
			isa = PBXShellScriptBuildPhase;
			buildActionMask = 2147483647;
			files = (
			);
			inputPaths = (
			);
			name = "[CP] Copy Pods Resources";
			outputPaths = (
			);
			runOnlyForDeploymentPostprocessing = 0;
			shellPath = /bin/sh;
			shellScript = "\"${SRCROOT}/Pods/Target Support Files/Pods-HackIllinois/Pods-HackIllinois-resources.sh\"\n";
			showEnvVarsInLog = 0;
		};
		421C05EEAAB94B7E44A1A1E9 /* [CP] Check Pods Manifest.lock */ = {
			isa = PBXShellScriptBuildPhase;
			buildActionMask = 2147483647;
			files = (
			);
			inputPaths = (
			);
			name = "[CP] Check Pods Manifest.lock";
			outputPaths = (
			);
			runOnlyForDeploymentPostprocessing = 0;
			shellPath = /bin/sh;
			shellScript = "diff \"${PODS_ROOT}/../Podfile.lock\" \"${PODS_ROOT}/Manifest.lock\" > /dev/null\nif [ $? != 0 ] ; then\n    # print error to STDERR\n    echo \"error: The sandbox is not in sync with the Podfile.lock. Run 'pod install' or update your CocoaPods installation.\" >&2\n    exit 1\nfi\n";
			showEnvVarsInLog = 0;
		};
/* End PBXShellScriptBuildPhase section */

/* Begin PBXSourcesBuildPhase section */
		9518277B1EA35AF100049F79 /* Sources */ = {
			isa = PBXSourcesBuildPhase;
			buildActionMask = 2147483647;
			files = (
				951827AC1EA35DB800049F79 /* ViewController.swift in Sources */,
				951827AD1EA35DB800049F79 /* HackIllinois.xcdatamodeld in Sources */,
				951827A81EA35DB800049F79 /* AppDelegate.swift in Sources */,
			);
			runOnlyForDeploymentPostprocessing = 0;
		};
/* End PBXSourcesBuildPhase section */

/* Begin XCBuildConfiguration section */
		951827921EA35AF100049F79 /* Debug */ = {
			isa = XCBuildConfiguration;
			buildSettings = {
				ALWAYS_SEARCH_USER_PATHS = NO;
				CLANG_ANALYZER_NONNULL = YES;
				CLANG_ANALYZER_NUMBER_OBJECT_CONVERSION = YES_AGGRESSIVE;
				CLANG_CXX_LANGUAGE_STANDARD = "gnu++0x";
				CLANG_CXX_LIBRARY = "libc++";
				CLANG_ENABLE_MODULES = YES;
				CLANG_ENABLE_OBJC_ARC = YES;
				CLANG_WARN_BLOCK_CAPTURE_AUTORELEASING = YES;
				CLANG_WARN_BOOL_CONVERSION = YES;
				CLANG_WARN_COMMA = YES;
				CLANG_WARN_CONSTANT_CONVERSION = YES;
				CLANG_WARN_DIRECT_OBJC_ISA_USAGE = YES_ERROR;
				CLANG_WARN_DOCUMENTATION_COMMENTS = YES;
				CLANG_WARN_EMPTY_BODY = YES;
				CLANG_WARN_ENUM_CONVERSION = YES;
				CLANG_WARN_INFINITE_RECURSION = YES;
				CLANG_WARN_INT_CONVERSION = YES;
				CLANG_WARN_NON_LITERAL_NULL_CONVERSION = YES;
				CLANG_WARN_OBJC_LITERAL_CONVERSION = YES;
				CLANG_WARN_OBJC_ROOT_CLASS = YES_ERROR;
				CLANG_WARN_RANGE_LOOP_ANALYSIS = YES;
				CLANG_WARN_STRICT_PROTOTYPES = YES;
				CLANG_WARN_SUSPICIOUS_MOVE = YES;
				CLANG_WARN_UNREACHABLE_CODE = YES;
				CLANG_WARN__DUPLICATE_METHOD_MATCH = YES;
				"CODE_SIGN_IDENTITY[sdk=iphoneos*]" = "iPhone Developer";
				COPY_PHASE_STRIP = NO;
				DEBUG_INFORMATION_FORMAT = dwarf;
				ENABLE_STRICT_OBJC_MSGSEND = YES;
				ENABLE_TESTABILITY = YES;
				GCC_C_LANGUAGE_STANDARD = gnu99;
				GCC_DYNAMIC_NO_PIC = NO;
				GCC_NO_COMMON_BLOCKS = YES;
				GCC_OPTIMIZATION_LEVEL = 0;
				GCC_PREPROCESSOR_DEFINITIONS = (
					"DEBUG=1",
					"$(inherited)",
				);
				GCC_WARN_64_TO_32_BIT_CONVERSION = YES;
				GCC_WARN_ABOUT_RETURN_TYPE = YES_ERROR;
				GCC_WARN_UNDECLARED_SELECTOR = YES;
				GCC_WARN_UNINITIALIZED_AUTOS = YES_AGGRESSIVE;
				GCC_WARN_UNUSED_FUNCTION = YES;
				GCC_WARN_UNUSED_VARIABLE = YES;
				IPHONEOS_DEPLOYMENT_TARGET = 11.0;
				MTL_ENABLE_DEBUG_INFO = YES;
				ONLY_ACTIVE_ARCH = YES;
				SDKROOT = iphoneos;
				SWIFT_ACTIVE_COMPILATION_CONDITIONS = DEBUG;
				SWIFT_OPTIMIZATION_LEVEL = "-Onone";
			};
			name = Debug;
		};
		951827931EA35AF100049F79 /* Release */ = {
			isa = XCBuildConfiguration;
			buildSettings = {
				ALWAYS_SEARCH_USER_PATHS = NO;
				CLANG_ANALYZER_NONNULL = YES;
				CLANG_ANALYZER_NUMBER_OBJECT_CONVERSION = YES_AGGRESSIVE;
				CLANG_CXX_LANGUAGE_STANDARD = "gnu++0x";
				CLANG_CXX_LIBRARY = "libc++";
				CLANG_ENABLE_MODULES = YES;
				CLANG_ENABLE_OBJC_ARC = YES;
				CLANG_WARN_BLOCK_CAPTURE_AUTORELEASING = YES;
				CLANG_WARN_BOOL_CONVERSION = YES;
				CLANG_WARN_COMMA = YES;
				CLANG_WARN_CONSTANT_CONVERSION = YES;
				CLANG_WARN_DIRECT_OBJC_ISA_USAGE = YES_ERROR;
				CLANG_WARN_DOCUMENTATION_COMMENTS = YES;
				CLANG_WARN_EMPTY_BODY = YES;
				CLANG_WARN_ENUM_CONVERSION = YES;
				CLANG_WARN_INFINITE_RECURSION = YES;
				CLANG_WARN_INT_CONVERSION = YES;
				CLANG_WARN_NON_LITERAL_NULL_CONVERSION = YES;
				CLANG_WARN_OBJC_LITERAL_CONVERSION = YES;
				CLANG_WARN_OBJC_ROOT_CLASS = YES_ERROR;
				CLANG_WARN_RANGE_LOOP_ANALYSIS = YES;
				CLANG_WARN_STRICT_PROTOTYPES = YES;
				CLANG_WARN_SUSPICIOUS_MOVE = YES;
				CLANG_WARN_UNREACHABLE_CODE = YES;
				CLANG_WARN__DUPLICATE_METHOD_MATCH = YES;
				"CODE_SIGN_IDENTITY[sdk=iphoneos*]" = "iPhone Developer";
				COPY_PHASE_STRIP = NO;
				DEBUG_INFORMATION_FORMAT = "dwarf-with-dsym";
				ENABLE_NS_ASSERTIONS = NO;
				ENABLE_STRICT_OBJC_MSGSEND = YES;
				GCC_C_LANGUAGE_STANDARD = gnu99;
				GCC_NO_COMMON_BLOCKS = YES;
				GCC_WARN_64_TO_32_BIT_CONVERSION = YES;
				GCC_WARN_ABOUT_RETURN_TYPE = YES_ERROR;
				GCC_WARN_UNDECLARED_SELECTOR = YES;
				GCC_WARN_UNINITIALIZED_AUTOS = YES_AGGRESSIVE;
				GCC_WARN_UNUSED_FUNCTION = YES;
				GCC_WARN_UNUSED_VARIABLE = YES;
				IPHONEOS_DEPLOYMENT_TARGET = 11.0;
				MTL_ENABLE_DEBUG_INFO = NO;
				SDKROOT = iphoneos;
				SWIFT_OPTIMIZATION_LEVEL = "-Owholemodule";
				VALIDATE_PRODUCT = YES;
			};
			name = Release;
		};
		951827951EA35AF100049F79 /* Debug */ = {
			isa = XCBuildConfiguration;
			baseConfigurationReference = 5FC8086340F925BE21CB525A /* Pods-HackIllinois.debug.xcconfig */;
			buildSettings = {
				ASSETCATALOG_COMPILER_APPICON_NAME = AppIcon;
				DEVELOPMENT_TEAM = 8VNQTQM2L6;
				INFOPLIST_FILE = HackIllinois/Info.plist;
				LD_RUNPATH_SEARCH_PATHS = "$(inherited) @executable_path/Frameworks";
				PRODUCT_BUNDLE_IDENTIFIER = com.hackillinois.HackIllinois;
				PRODUCT_NAME = "$(TARGET_NAME)";
				SWIFT_SWIFT3_OBJC_INFERENCE = On;
				SWIFT_VERSION = 4.0;
			};
			name = Debug;
		};
		951827961EA35AF100049F79 /* Release */ = {
			isa = XCBuildConfiguration;
			baseConfigurationReference = DDD9B0A40012E69EC437D438 /* Pods-HackIllinois.release.xcconfig */;
			buildSettings = {
				ASSETCATALOG_COMPILER_APPICON_NAME = AppIcon;
				DEVELOPMENT_TEAM = 8VNQTQM2L6;
				INFOPLIST_FILE = HackIllinois/Info.plist;
				LD_RUNPATH_SEARCH_PATHS = "$(inherited) @executable_path/Frameworks";
				PRODUCT_BUNDLE_IDENTIFIER = com.hackillinois.HackIllinois;
				PRODUCT_NAME = "$(TARGET_NAME)";
				SWIFT_SWIFT3_OBJC_INFERENCE = On;
				SWIFT_VERSION = 4.0;
			};
			name = Release;
		};
/* End XCBuildConfiguration section */

/* Begin XCConfigurationList section */
		9518277A1EA35AF100049F79 /* Build configuration list for PBXProject "HackIllinois" */ = {
			isa = XCConfigurationList;
			buildConfigurations = (
				951827921EA35AF100049F79 /* Debug */,
				951827931EA35AF100049F79 /* Release */,
			);
			defaultConfigurationIsVisible = 0;
			defaultConfigurationName = Release;
		};
		951827941EA35AF100049F79 /* Build configuration list for PBXNativeTarget "HackIllinois" */ = {
			isa = XCConfigurationList;
			buildConfigurations = (
				951827951EA35AF100049F79 /* Debug */,
				951827961EA35AF100049F79 /* Release */,
			);
			defaultConfigurationIsVisible = 0;
			defaultConfigurationName = Release;
		};
/* End XCConfigurationList section */

/* Begin XCVersionGroup section */
		951827A11EA35DB800049F79 /* HackIllinois.xcdatamodeld */ = {
			isa = XCVersionGroup;
			children = (
				951827A21EA35DB800049F79 /* HackIllinois.xcdatamodel */,
			);
			currentVersion = 951827A21EA35DB800049F79 /* HackIllinois.xcdatamodel */;
			path = HackIllinois.xcdatamodeld;
			sourceTree = "<group>";
			versionGroupType = wrapper.xcdatamodel;
		};
/* End XCVersionGroup section */
	};
	rootObject = 951827771EA35AF100049F79 /* Project object */;
}
